
Microsoft Visual Studio Solution File, Format Version 12.00
# Visual Studio 14
VisualStudioVersion = 14.0.23107.0
MinimumVisualStudioVersion = 10.0.40219.1
Project("{FAE04EC0-301F-11D3-BF4B-00C04F79EFBC}") = "chat_APP", "chat_APP\chat_APP.csproj", "{1C36FB04-4FB3-4C2C-BB82-BCD29EB106DC}"
EndProject
Global
	GlobalSection(SolutionConfigurationPlatforms) = preSolution
		Debug|Any CPU = Debug|Any CPU
		Release|Any CPU = Release|Any CPU
	EndGlobalSection
	GlobalSection(ProjectConfigurationPlatforms) = postSolution
		{1C36FB04-4FB3-4C2C-BB82-BCD29EB106DC}.Debug|Any CPU.ActiveCfg = Debug|Any CPU
		{1C36FB04-4FB3-4C2C-BB82-BCD29EB106DC}.Debug|Any CPU.Build.0 = Debug|Any CPU
		{1C36FB04-4FB3-4C2C-BB82-BCD29EB106DC}.Release|Any CPU.ActiveCfg = Release|Any CPU
		{1C36FB04-4FB3-4C2C-BB82-BCD29EB106DC}.Release|Any CPU.Build.0 = Release|Any CPU
	EndGlobalSection
	GlobalSection(SolutionProperties) = preSolution
		HideSolutionNode = FALSE
	EndGlobalSection
EndGlobal
